// !$*UTF8*$!
{
	archiveVersion = 1;
	classes = {
	};
	objectVersion = 55;
	objects = {

/* Begin PBXBuildFile section */
		66EA8B0627341BF700D21216 /* charcode.c in Sources */ = {isa = PBXBuildFile; fileRef = 66EA8AF927341BF700D21216 /* charcode.c */; };
		66EA8B0727341BF700D21216 /* scanner.c in Sources */ = {isa = PBXBuildFile; fileRef = 66EA8AFC27341BF700D21216 /* scanner.c */; };
		66EA8B0827341BF700D21216 /* main.c in Sources */ = {isa = PBXBuildFile; fileRef = 66EA8AFD27341BF700D21216 /* main.c */; };
		66EA8B0927341BF700D21216 /* error.c in Sources */ = {isa = PBXBuildFile; fileRef = 66EA8AFE27341BF700D21216 /* error.c */; };
		66EA8B0A27341BF700D21216 /* parser.c in Sources */ = {isa = PBXBuildFile; fileRef = 66EA8B0127341BF700D21216 /* parser.c */; };
		66EA8B0B27341BF700D21216 /* token.c in Sources */ = {isa = PBXBuildFile; fileRef = 66EA8B0327341BF700D21216 /* token.c */; };
		66EA8B0C27341BF700D21216 /* reader.c in Sources */ = {isa = PBXBuildFile; fileRef = 66EA8B0427341BF700D21216 /* reader.c */; };
/* End PBXBuildFile section */

/* Begin PBXCopyFilesBuildPhase section */
		66EA8AED27341B7D00D21216 /* CopyFiles */ = {
			isa = PBXCopyFilesBuildPhase;
			buildActionMask = 2147483647;
			dstPath = /usr/share/man/man1/;
			dstSubfolderSpec = 0;
			files = (
			);
			runOnlyForDeploymentPostprocessing = 1;
		};
/* End PBXCopyFilesBuildPhase section */

/* Begin PBXFileReference section */
		66464A5D2745EAEF0012663D /* example9.kpl */ = {isa = PBXFileReference; lastKnownFileType = text; path = example9.kpl; sourceTree = "<group>"; };
		66464A5F2745F9BA0012663D /* example2.kpl */ = {isa = PBXFileReference; lastKnownFileType = text; path = example2.kpl; sourceTree = "<group>"; };
		66464A602745F9BA0012663D /* example3.kpl */ = {isa = PBXFileReference; lastKnownFileType = text; path = example3.kpl; sourceTree = "<group>"; };
		66464A612745F9BA0012663D /* example6.kpl */ = {isa = PBXFileReference; lastKnownFileType = text; path = example6.kpl; sourceTree = "<group>"; };
		66464A622745F9BA0012663D /* example1.kpl */ = {isa = PBXFileReference; lastKnownFileType = text; path = example1.kpl; sourceTree = "<group>"; };
		66464A632745F9BA0012663D /* example7.kpl */ = {isa = PBXFileReference; lastKnownFileType = text; path = example7.kpl; sourceTree = "<group>"; };
		66464A642745F9BA0012663D /* example5.kpl */ = {isa = PBXFileReference; lastKnownFileType = text; path = example5.kpl; sourceTree = "<group>"; };
		66464A652745F9BA0012663D /* example4.kpl */ = {isa = PBXFileReference; lastKnownFileType = text; path = example4.kpl; sourceTree = "<group>"; };
		66464A662745FD3B0012663D /* result9.txt */ = {isa = PBXFileReference; lastKnownFileType = text; path = result9.txt; sourceTree = "<group>"; };
		66464A672745FD3B0012663D /* result8.txt */ = {isa = PBXFileReference; lastKnownFileType = text; path = result8.txt; sourceTree = "<group>"; };
		66E37082273CB728007B5367 /* example8.kpl */ = {isa = PBXFileReference; lastKnownFileType = text; path = example8.kpl; sourceTree = "<group>"; };
		66EA8AEF27341B7D00D21216 /* Parser */ = {isa = PBXFileReference; explicitFileType = "compiled.mach-o.executable"; includeInIndex = 0; path = Parser; sourceTree = BUILT_PRODUCTS_DIR; };
		66EA8AF927341BF700D21216 /* charcode.c */ = {isa = PBXFileReference; fileEncoding = 4; lastKnownFileType = sourcecode.c.c; path = charcode.c; sourceTree = "<group>"; };
		66EA8AFA27341BF700D21216 /* reader.h */ = {isa = PBXFileReference; fileEncoding = 4; lastKnownFileType = sourcecode.c.h; path = reader.h; sourceTree = "<group>"; };
		66EA8AFB27341BF700D21216 /* charcode.h */ = {isa = PBXFileReference; fileEncoding = 4; lastKnownFileType = sourcecode.c.h; path = charcode.h; sourceTree = "<group>"; };
		66EA8AFC27341BF700D21216 /* scanner.c */ = {isa = PBXFileReference; fileEncoding = 4; lastKnownFileType = sourcecode.c.c; path = scanner.c; sourceTree = "<group>"; };
		66EA8AFD27341BF700D21216 /* main.c */ = {isa = PBXFileReference; fileEncoding = 4; lastKnownFileType = sourcecode.c.c; path = main.c; sourceTree = "<group>"; };
		66EA8AFE27341BF700D21216 /* error.c */ = {isa = PBXFileReference; fileEncoding = 4; lastKnownFileType = sourcecode.c.c; path = error.c; sourceTree = "<group>"; };
		66EA8AFF27341BF700D21216 /* scanner.h */ = {isa = PBXFileReference; fileEncoding = 4; lastKnownFileType = sourcecode.c.h; path = scanner.h; sourceTree = "<group>"; };
		66EA8B0027341BF700D21216 /* parser.h */ = {isa = PBXFileReference; fileEncoding = 4; lastKnownFileType = sourcecode.c.h; path = parser.h; sourceTree = "<group>"; };
		66EA8B0127341BF700D21216 /* parser.c */ = {isa = PBXFileReference; fileEncoding = 4; lastKnownFileType = sourcecode.c.c; path = parser.c; sourceTree = "<group>"; };
		66EA8B0227341BF700D21216 /* error.h */ = {isa = PBXFileReference; fileEncoding = 4; lastKnownFileType = sourcecode.c.h; path = error.h; sourceTree = "<group>"; };
		66EA8B0327341BF700D21216 /* token.c */ = {isa = PBXFileReference; fileEncoding = 4; lastKnownFileType = sourcecode.c.c; path = token.c; sourceTree = "<group>"; };
		66EA8B0427341BF700D21216 /* reader.c */ = {isa = PBXFileReference; fileEncoding = 4; lastKnownFileType = sourcecode.c.c; path = reader.c; sourceTree = "<group>"; };
		66EA8B0527341BF700D21216 /* token.h */ = {isa = PBXFileReference; fileEncoding = 4; lastKnownFileType = sourcecode.c.h; path = token.h; sourceTree = "<group>"; };
		66EA8B1E27341C5400D21216 /* result1.txt */ = {isa = PBXFileReference; lastKnownFileType = text; path = result1.txt; sourceTree = "<group>"; };
		66EA8B2027341C5400D21216 /* result3.txt */ = {isa = PBXFileReference; lastKnownFileType = text; path = result3.txt; sourceTree = "<group>"; };
		66EA8B2227341C5400D21216 /* result6.txt */ = {isa = PBXFileReference; lastKnownFileType = text; path = result6.txt; sourceTree = "<group>"; };
		66EA8B2327341C5400D21216 /* result4.txt */ = {isa = PBXFileReference; lastKnownFileType = text; path = result4.txt; sourceTree = "<group>"; };
		66EA8B2427341C5400D21216 /* result2.txt */ = {isa = PBXFileReference; lastKnownFileType = text; path = result2.txt; sourceTree = "<group>"; };
		66EA8B2727341C5400D21216 /* result7.txt */ = {isa = PBXFileReference; lastKnownFileType = text; path = result7.txt; sourceTree = "<group>"; };
		66EA8B2A27341C5400D21216 /* result5.txt */ = {isa = PBXFileReference; lastKnownFileType = text; path = result5.txt; sourceTree = "<group>"; };
		66EA8B2C2734396B00D21216 /* tempResult.txt */ = {isa = PBXFileReference; lastKnownFileType = text; path = tempResult.txt; sourceTree = "<group>"; };
/* End PBXFileReference section */

/* Begin PBXFrameworksBuildPhase section */
		66EA8AEC27341B7D00D21216 /* Frameworks */ = {
			isa = PBXFrameworksBuildPhase;
			buildActionMask = 2147483647;
			files = (
			);
			runOnlyForDeploymentPostprocessing = 0;
		};
/* End PBXFrameworksBuildPhase section */

/* Begin PBXGroup section */
		66EA8AE627341B7D00D21216 = {
			isa = PBXGroup;
			children = (
				66EA8AF127341B7D00D21216 /* Parser */,
				66EA8AF027341B7D00D21216 /* Products */,
			);
			sourceTree = "<group>";
		};
		66EA8AF027341B7D00D21216 /* Products */ = {
			isa = PBXGroup;
			children = (
				66EA8AEF27341B7D00D21216 /* Parser */,
			);
			name = Products;
			sourceTree = "<group>";
		};
		66EA8AF127341B7D00D21216 /* Parser */ = {
			isa = PBXGroup;
			children = (
				66EA8B0E27341C0900D21216 /* Source code */,
				66EA8B0F27341C1700D21216 /* Test Cases */,
			);
			path = Parser;
			sourceTree = "<group>";
		};
		66EA8B0E27341C0900D21216 /* Source code */ = {
			isa = PBXGroup;
			children = (
				66EA8AF927341BF700D21216 /* charcode.c */,
				66EA8AFB27341BF700D21216 /* charcode.h */,
				66EA8AFE27341BF700D21216 /* error.c */,
				66EA8B0227341BF700D21216 /* error.h */,
				66EA8AFD27341BF700D21216 /* main.c */,
				66EA8B0127341BF700D21216 /* parser.c */,
				66EA8B0027341BF700D21216 /* parser.h */,
				66EA8B0427341BF700D21216 /* reader.c */,
				66EA8AFA27341BF700D21216 /* reader.h */,
				66EA8AFC27341BF700D21216 /* scanner.c */,
				66EA8AFF27341BF700D21216 /* scanner.h */,
				66EA8B0327341BF700D21216 /* token.c */,
				66EA8B0527341BF700D21216 /* token.h */,
			);
			path = "Source code";
			sourceTree = "<group>";
		};
		66EA8B0F27341C1700D21216 /* Test Cases */ = {
			isa = PBXGroup;
			children = (
				66464A622745F9BA0012663D /* example1.kpl */,
				66464A5F2745F9BA0012663D /* example2.kpl */,
				66464A602745F9BA0012663D /* example3.kpl */,
				66464A652745F9BA0012663D /* example4.kpl */,
				66464A642745F9BA0012663D /* example5.kpl */,
				66464A612745F9BA0012663D /* example6.kpl */,
				66464A632745F9BA0012663D /* example7.kpl */,
				66E37082273CB728007B5367 /* example8.kpl */,
				66464A5D2745EAEF0012663D /* example9.kpl */,
				66EA8B1E27341C5400D21216 /* result1.txt */,
				66EA8B2427341C5400D21216 /* result2.txt */,
				66EA8B2027341C5400D21216 /* result3.txt */,
				66EA8B2327341C5400D21216 /* result4.txt */,
				66EA8B2A27341C5400D21216 /* result5.txt */,
				66EA8B2227341C5400D21216 /* result6.txt */,
				66EA8B2727341C5400D21216 /* result7.txt */,
				66464A672745FD3B0012663D /* result8.txt */,
				66464A662745FD3B0012663D /* result9.txt */,
				66EA8B2C2734396B00D21216 /* tempResult.txt */,
			);
			path = "Test Cases";
			sourceTree = "<group>";
		};
/* End PBXGroup section */

/* Begin PBXNativeTarget section */
		66EA8AEE27341B7D00D21216 /* Parser */ = {
			isa = PBXNativeTarget;
			buildConfigurationList = 66EA8AF627341B7D00D21216 /* Build configuration list for PBXNativeTarget "Parser" */;
			buildPhases = (
				66EA8AEB27341B7D00D21216 /* Sources */,
				66EA8AEC27341B7D00D21216 /* Frameworks */,
				66EA8AED27341B7D00D21216 /* CopyFiles */,
			);
			buildRules = (
			);
			dependencies = (
			);
			name = Parser;
			productName = Parser;
			productReference = 66EA8AEF27341B7D00D21216 /* Parser */;
			productType = "com.apple.product-type.tool";
		};
/* End PBXNativeTarget section */

/* Begin PBXProject section */
		66EA8AE727341B7D00D21216 /* Project object */ = {
			isa = PBXProject;
			attributes = {
				BuildIndependentTargetsInParallel = 1;
				LastUpgradeCheck = 1300;
				TargetAttributes = {
					66EA8AEE27341B7D00D21216 = {
						CreatedOnToolsVersion = 13.0;
					};
				};
			};
			buildConfigurationList = 66EA8AEA27341B7D00D21216 /* Build configuration list for PBXProject "Parser" */;
			compatibilityVersion = "Xcode 13.0";
			developmentRegion = en;
			hasScannedForEncodings = 0;
			knownRegions = (
				en,
				Base,
			);
			mainGroup = 66EA8AE627341B7D00D21216;
			productRefGroup = 66EA8AF027341B7D00D21216 /* Products */;
			projectDirPath = "";
			projectRoot = "";
			targets = (
				66EA8AEE27341B7D00D21216 /* Parser */,
			);
		};
/* End PBXProject section */

/* Begin PBXSourcesBuildPhase section */
		66EA8AEB27341B7D00D21216 /* Sources */ = {
			isa = PBXSourcesBuildPhase;
			buildActionMask = 2147483647;
			files = (
				66EA8B0727341BF700D21216 /* scanner.c in Sources */,
				66EA8B0627341BF700D21216 /* charcode.c in Sources */,
				66EA8B0927341BF700D21216 /* error.c in Sources */,
				66EA8B0B27341BF700D21216 /* token.c in Sources */,
				66EA8B0A27341BF700D21216 /* parser.c in Sources */,
				66EA8B0827341BF700D21216 /* main.c in Sources */,
				66EA8B0C27341BF700D21216 /* reader.c in Sources */,
			);
			runOnlyForDeploymentPostprocessing = 0;
		};
/* End PBXSourcesBuildPhase section */

/* Begin XCBuildConfiguration section */
		66EA8AF427341B7D00D21216 /* Debug */ = {
			isa = XCBuildConfiguration;
			buildSettings = {
				ALWAYS_SEARCH_USER_PATHS = NO;
				CLANG_ANALYZER_NONNULL = YES;
				CLANG_ANALYZER_NUMBER_OBJECT_CONVERSION = YES_AGGRESSIVE;
				CLANG_CXX_LANGUAGE_STANDARD = "gnu++17";
				CLANG_CXX_LIBRARY = "libc++";
				CLANG_ENABLE_MODULES = YES;
				CLANG_ENABLE_OBJC_ARC = YES;
				CLANG_ENABLE_OBJC_WEAK = YES;
				CLANG_WARN_BLOCK_CAPTURE_AUTORELEASING = YES;
				CLANG_WARN_BOOL_CONVERSION = YES;
				CLANG_WARN_COMMA = YES;
				CLANG_WARN_CONSTANT_CONVERSION = YES;
				CLANG_WARN_DEPRECATED_OBJC_IMPLEMENTATIONS = YES;
				CLANG_WARN_DIRECT_OBJC_ISA_USAGE = YES_ERROR;
				CLANG_WARN_DOCUMENTATION_COMMENTS = YES;
				CLANG_WARN_EMPTY_BODY = YES;
				CLANG_WARN_ENUM_CONVERSION = YES;
				CLANG_WARN_INFINITE_RECURSION = YES;
				CLANG_WARN_INT_CONVERSION = YES;
				CLANG_WARN_NON_LITERAL_NULL_CONVERSION = YES;
				CLANG_WARN_OBJC_IMPLICIT_RETAIN_SELF = YES;
				CLANG_WARN_OBJC_LITERAL_CONVERSION = YES;
				CLANG_WARN_OBJC_ROOT_CLASS = YES_ERROR;
				CLANG_WARN_QUOTED_INCLUDE_IN_FRAMEWORK_HEADER = YES;
				CLANG_WARN_RANGE_LOOP_ANALYSIS = YES;
				CLANG_WARN_STRICT_PROTOTYPES = YES;
				CLANG_WARN_SUSPICIOUS_MOVE = YES;
				CLANG_WARN_UNGUARDED_AVAILABILITY = YES_AGGRESSIVE;
				CLANG_WARN_UNREACHABLE_CODE = YES;
				CLANG_WARN__DUPLICATE_METHOD_MATCH = YES;
				COPY_PHASE_STRIP = NO;
				DEBUG_INFORMATION_FORMAT = dwarf;
				ENABLE_STRICT_OBJC_MSGSEND = YES;
				ENABLE_TESTABILITY = YES;
				GCC_C_LANGUAGE_STANDARD = gnu11;
				GCC_DYNAMIC_NO_PIC = NO;
				GCC_NO_COMMON_BLOCKS = YES;
				GCC_OPTIMIZATION_LEVEL = 0;
				GCC_PREPROCESSOR_DEFINITIONS = (
					"DEBUG=1",
					"$(inherited)",
				);
				GCC_WARN_64_TO_32_BIT_CONVERSION = YES;
				GCC_WARN_ABOUT_RETURN_TYPE = YES_ERROR;
				GCC_WARN_UNDECLARED_SELECTOR = YES;
				GCC_WARN_UNINITIALIZED_AUTOS = YES_AGGRESSIVE;
				GCC_WARN_UNUSED_FUNCTION = YES;
				GCC_WARN_UNUSED_VARIABLE = YES;
				MACOSX_DEPLOYMENT_TARGET = 11.3;
				MTL_ENABLE_DEBUG_INFO = INCLUDE_SOURCE;
				MTL_FAST_MATH = YES;
				ONLY_ACTIVE_ARCH = YES;
				SDKROOT = macosx;
			};
			name = Debug;
		};
		66EA8AF527341B7D00D21216 /* Release */ = {
			isa = XCBuildConfiguration;
			buildSettings = {
				ALWAYS_SEARCH_USER_PATHS = NO;
				CLANG_ANALYZER_NONNULL = YES;
				CLANG_ANALYZER_NUMBER_OBJECT_CONVERSION = YES_AGGRESSIVE;
				CLANG_CXX_LANGUAGE_STANDARD = "gnu++17";
				CLANG_CXX_LIBRARY = "libc++";
				CLANG_ENABLE_MODULES = YES;
				CLANG_ENABLE_OBJC_ARC = YES;
				CLANG_ENABLE_OBJC_WEAK = YES;
				CLANG_WARN_BLOCK_CAPTURE_AUTORELEASING = YES;
				CLANG_WARN_BOOL_CONVERSION = YES;
				CLANG_WARN_COMMA = YES;
				CLANG_WARN_CONSTANT_CONVERSION = YES;
				CLANG_WARN_DEPRECATED_OBJC_IMPLEMENTATIONS = YES;
				CLANG_WARN_DIRECT_OBJC_ISA_USAGE = YES_ERROR;
				CLANG_WARN_DOCUMENTATION_COMMENTS = YES;
				CLANG_WARN_EMPTY_BODY = YES;
				CLANG_WARN_ENUM_CONVERSION = YES;
				CLANG_WARN_INFINITE_RECURSION = YES;
				CLANG_WARN_INT_CONVERSION = YES;
				CLANG_WARN_NON_LITERAL_NULL_CONVERSION = YES;
				CLANG_WARN_OBJC_IMPLICIT_RETAIN_SELF = YES;
				CLANG_WARN_OBJC_LITERAL_CONVERSION = YES;
				CLANG_WARN_OBJC_ROOT_CLASS = YES_ERROR;
				CLANG_WARN_QUOTED_INCLUDE_IN_FRAMEWORK_HEADER = YES;
				CLANG_WARN_RANGE_LOOP_ANALYSIS = YES;
				CLANG_WARN_STRICT_PROTOTYPES = YES;
				CLANG_WARN_SUSPICIOUS_MOVE = YES;
				CLANG_WARN_UNGUARDED_AVAILABILITY = YES_AGGRESSIVE;
				CLANG_WARN_UNREACHABLE_CODE = YES;
				CLANG_WARN__DUPLICATE_METHOD_MATCH = YES;
				COPY_PHASE_STRIP = NO;
				DEBUG_INFORMATION_FORMAT = "dwarf-with-dsym";
				ENABLE_NS_ASSERTIONS = NO;
				ENABLE_STRICT_OBJC_MSGSEND = YES;
				GCC_C_LANGUAGE_STANDARD = gnu11;
				GCC_NO_COMMON_BLOCKS = YES;
				GCC_WARN_64_TO_32_BIT_CONVERSION = YES;
				GCC_WARN_ABOUT_RETURN_TYPE = YES_ERROR;
				GCC_WARN_UNDECLARED_SELECTOR = YES;
				GCC_WARN_UNINITIALIZED_AUTOS = YES_AGGRESSIVE;
				GCC_WARN_UNUSED_FUNCTION = YES;
				GCC_WARN_UNUSED_VARIABLE = YES;
				MACOSX_DEPLOYMENT_TARGET = 11.3;
				MTL_ENABLE_DEBUG_INFO = NO;
				MTL_FAST_MATH = YES;
				SDKROOT = macosx;
			};
			name = Release;
		};
		66EA8AF727341B7D00D21216 /* Debug */ = {
			isa = XCBuildConfiguration;
			buildSettings = {
				CODE_SIGN_STYLE = Automatic;
				DEVELOPMENT_TEAM = 7F5BKMZCJF;
				ENABLE_HARDENED_RUNTIME = YES;
				PRODUCT_NAME = "$(TARGET_NAME)";
			};
			name = Debug;
		};
		66EA8AF827341B7D00D21216 /* Release */ = {
			isa = XCBuildConfiguration;
			buildSettings = {
				CODE_SIGN_STYLE = Automatic;
				DEVELOPMENT_TEAM = 7F5BKMZCJF;
				ENABLE_HARDENED_RUNTIME = YES;
				PRODUCT_NAME = "$(TARGET_NAME)";
			};
			name = Release;
		};
/* End XCBuildConfiguration section */

/* Begin XCConfigurationList section */
		66EA8AEA27341B7D00D21216 /* Build configuration list for PBXProject "Parser" */ = {
			isa = XCConfigurationList;
			buildConfigurations = (
				66EA8AF427341B7D00D21216 /* Debug */,
				66EA8AF527341B7D00D21216 /* Release */,
			);
			defaultConfigurationIsVisible = 0;
			defaultConfigurationName = Release;
		};
		66EA8AF627341B7D00D21216 /* Build configuration list for PBXNativeTarget "Parser" */ = {
			isa = XCConfigurationList;
			buildConfigurations = (
				66EA8AF727341B7D00D21216 /* Debug */,
				66EA8AF827341B7D00D21216 /* Release */,
			);
			defaultConfigurationIsVisible = 0;
			defaultConfigurationName = Release;
		};
/* End XCConfigurationList section */
	};
	rootObject = 66EA8AE727341B7D00D21216 /* Project object */;
}
